{
  "name": "kukuroo",
  "version": "0.1.0",
  "lockfileVersion": 3,
  "requires": true,
  "packages": {
    "": {
      "name": "kukuroo",
      "version": "0.1.0",
      "license": "MIT",
      "bin": {
        "kukuroo": "scripts/init.mjs"
      },
      "devDependencies": {
        "@cloudflare/workers-types": "^5",
        "typescript": "^5.9.3"
      },
      "engines": {
        "node": ">=22.6"
      },
      "peerDependencies": {
        "@cloudflare/workers-types": ">=4"
      },
      "peerDependenciesMeta": {
        "@cloudflare/workers-types": {
          "optional": true
        }
      }
    },
    "node_modules/@cloudflare/workers-types": {
      "version": "5.20260804.1",
      "resolved": "https://registry.npmjs.org/@cloudflare/workers-types/-/workers-types-5.20260804.1.tgz",
      "integrity": "sha512-B1dwxpN6e5RZXZkE5zpZj+ooNeNZ1mwavLIyHDYe10ojhlGTwDfe8sAl7R1mMXc1cyIsbr+jKVdvmMEyVcdTdg==",
      "dev": true,
      "license": "MIT OR Apache-2.0"
    },
    "node_modules/typescript": {
      "version": "5.9.3",
      "resolved": "https://registry.npmjs.org/typescript/-/typescript-5.9.3.tgz",
      "integrity": "sha512-jl1vZzPDinLr9eUt3J/t7V6FgNEw9QjvBPdysz9KfQDD41fQrC2Y4vKQdiaUpFT4bXlb1RHhLpp8wtm6M5TgSw==",
      "dev": true,
      "license": "Apache-2.0",
      "bin": {
        "tsc": "bin/tsc",
        "tsserver": "bin/tsserver"
      },
      "engines": {
        "node": ">=14.17"
      }
    }
  }
}
